// !$*UTF8*$!
{
	archiveVersion = 1;
	classes = {
	};
	objectVersion = 50;
	objects = {

/* Begin PBXBuildFile section */
		46D65F9A219EB435009BE8B3 /* AppDelegate.swift in Sources */ = {isa = PBXBuildFile; fileRef = 46D65F99219EB435009BE8B3 /* AppDelegate.swift */; };
		46D65F9C219EB435009BE8B3 /* ViewController.swift in Sources */ = {isa = PBXBuildFile; fileRef = 46D65F9B219EB435009BE8B3 /* ViewController.swift */; };
		46D65F9F219EB435009BE8B3 /* Main.storyboard in Resources */ = {isa = PBXBuildFile; fileRef = 46D65F9D219EB435009BE8B3 /* Main.storyboard */; };
		46D65FA1219EB436009BE8B3 /* Assets.xcassets in Resources */ = {isa = PBXBuildFile; fileRef = 46D65FA0219EB436009BE8B3 /* Assets.xcassets */; };
		46D65FA4219EB436009BE8B3 /* LaunchScreen.storyboard in Resources */ = {isa = PBXBuildFile; fileRef = 46D65FA2219EB436009BE8B3 /* LaunchScreen.storyboard */; };
		46D65FC7219EB5E8009BE8B3 /* ModulePath.swift in Sources */ = {isa = PBXBuildFile; fileRef = 46D65FB4219EB5E7009BE8B3 /* ModulePath.swift */; };
		46D65FC8219EB5E8009BE8B3 /* DefaultConstant.swift in Sources */ = {isa = PBXBuildFile; fileRef = 46D65FB6219EB5E7009BE8B3 /* DefaultConstant.swift */; };
		46D65FC9219EB5E8009BE8B3 /* Logging.swift in Sources */ = {isa = PBXBuildFile; fileRef = 46D65FB7219EB5E7009BE8B3 /* Logging.swift */; };
		46D65FCA219EB5E8009BE8B3 /* TheBaseViewController.swift in Sources */ = {isa = PBXBuildFile; fileRef = 46D65FB8219EB5E7009BE8B3 /* TheBaseViewController.swift */; };
		46D65FCB219EB5E8009BE8B3 /* Config.swift in Sources */ = {isa = PBXBuildFile; fileRef = 46D65FB9219EB5E7009BE8B3 /* Config.swift */; };
		46D65FCC219EB5E8009BE8B3 /* Module.swift in Sources */ = {isa = PBXBuildFile; fileRef = 46D65FBA219EB5E7009BE8B3 /* Module.swift */; };
		46D65FCD219EB5E8009BE8B3 /* ModuleDevice.swift in Sources */ = {isa = PBXBuildFile; fileRef = 46D65FBB219EB5E7009BE8B3 /* ModuleDevice.swift */; };
		46D65FCE219EB5E8009BE8B3 /* ModuleWebInterface.swift in Sources */ = {isa = PBXBuildFile; fileRef = 46D65FBC219EB5E7009BE8B3 /* ModuleWebInterface.swift */; };
		46D65FCF219EB5E8009BE8B3 /* ModuleIAP.swift in Sources */ = {isa = PBXBuildFile; fileRef = 46D65FBD219EB5E7009BE8B3 /* ModuleIAP.swift */; };
		46D65FD0219EB5E8009BE8B3 /* ModuleLocalize.swift in Sources */ = {isa = PBXBuildFile; fileRef = 46D65FBE219EB5E7009BE8B3 /* ModuleLocalize.swift */; };
		46D65FD1219EB5E8009BE8B3 /* TheBaseViewController.swift in Sources */ = {isa = PBXBuildFile; fileRef = 46D65FBF219EB5E7009BE8B3 /* TheBaseViewController.swift */; };
		46D65FD2219EB5E8009BE8B3 /* ModuleResource.swift in Sources */ = {isa = PBXBuildFile; fileRef = 46D65FC0219EB5E7009BE8B3 /* ModuleResource.swift */; };
		46D65FD3219EB5E8009BE8B3 /* ModuleAnalyse.swift in Sources */ = {isa = PBXBuildFile; fileRef = 46D65FC1219EB5E7009BE8B3 /* ModuleAnalyse.swift */; };
		46D65FD4219EB5E8009BE8B3 /* ModuleKeychain.swift in Sources */ = {isa = PBXBuildFile; fileRef = 46D65FC2219EB5E7009BE8B3 /* ModuleKeychain.swift */; };
		46D65FD5219EB5E8009BE8B3 /* ModuleTime.swift in Sources */ = {isa = PBXBuildFile; fileRef = 46D65FC3219EB5E7009BE8B3 /* ModuleTime.swift */; };
		46D65FD6219EB5E8009BE8B3 /* ModuleNetworking.swift in Sources */ = {isa = PBXBuildFile; fileRef = 46D65FC4219EB5E7009BE8B3 /* ModuleNetworking.swift */; };
		46D65FD7219EB5E8009BE8B3 /* ModuleAlert.swift in Sources */ = {isa = PBXBuildFile; fileRef = 46D65FC5219EB5E8009BE8B3 /* ModuleAlert.swift */; };
		46D65FD8219EB5E8009BE8B3 /* ModuleJson.swift in Sources */ = {isa = PBXBuildFile; fileRef = 46D65FC6219EB5E8009BE8B3 /* ModuleJson.swift */; };
/* End PBXBuildFile section */

/* Begin PBXFileReference section */
		46D65F96219EB435009BE8B3 /* Swift-MJModule.app */ = {isa = PBXFileReference; explicitFileType = wrapper.application; includeInIndex = 0; path = "Swift-MJModule.app"; sourceTree = BUILT_PRODUCTS_DIR; };
		46D65F99219EB435009BE8B3 /* AppDelegate.swift */ = {isa = PBXFileReference; lastKnownFileType = sourcecode.swift; path = AppDelegate.swift; sourceTree = "<group>"; };
		46D65F9B219EB435009BE8B3 /* ViewController.swift */ = {isa = PBXFileReference; lastKnownFileType = sourcecode.swift; path = ViewController.swift; sourceTree = "<group>"; };
		46D65F9E219EB435009BE8B3 /* Base */ = {isa = PBXFileReference; lastKnownFileType = file.storyboard; name = Base; path = Base.lproj/Main.storyboard; sourceTree = "<group>"; };
		46D65FA0219EB436009BE8B3 /* Assets.xcassets */ = {isa = PBXFileReference; lastKnownFileType = folder.assetcatalog; path = Assets.xcassets; sourceTree = "<group>"; };
		46D65FA3219EB436009BE8B3 /* Base */ = {isa = PBXFileReference; lastKnownFileType = file.storyboard; name = Base; path = Base.lproj/LaunchScreen.storyboard; sourceTree = "<group>"; };
		46D65FA5219EB436009BE8B3 /* Info.plist */ = {isa = PBXFileReference; lastKnownFileType = text.plist.xml; path = Info.plist; sourceTree = "<group>"; };
		46D65FB4219EB5E7009BE8B3 /* ModulePath.swift */ = {isa = PBXFileReference; fileEncoding = 4; lastKnownFileType = sourcecode.swift; path = ModulePath.swift; sourceTree = "<group>"; };
		46D65FB6219EB5E7009BE8B3 /* DefaultConstant.swift */ = {isa = PBXFileReference; fileEncoding = 4; lastKnownFileType = sourcecode.swift; path = DefaultConstant.swift; sourceTree = "<group>"; };
		46D65FB7219EB5E7009BE8B3 /* Logging.swift */ = {isa = PBXFileReference; fileEncoding = 4; lastKnownFileType = sourcecode.swift; path = Logging.swift; sourceTree = "<group>"; };
		46D65FB8219EB5E7009BE8B3 /* TheBaseViewController.swift */ = {isa = PBXFileReference; fileEncoding = 4; lastKnownFileType = sourcecode.swift; path = TheBaseViewController.swift; sourceTree = "<group>"; };
		46D65FB9219EB5E7009BE8B3 /* Config.swift */ = {isa = PBXFileReference; fileEncoding = 4; lastKnownFileType = sourcecode.swift; path = Config.swift; sourceTree = "<group>"; };
		46D65FBA219EB5E7009BE8B3 /* Module.swift */ = {isa = PBXFileReference; fileEncoding = 4; lastKnownFileType = sourcecode.swift; path = Module.swift; sourceTree = "<group>"; };
		46D65FBB219EB5E7009BE8B3 /* ModuleDevice.swift */ = {isa = PBXFileReference; fileEncoding = 4; lastKnownFileType = sourcecode.swift; path = ModuleDevice.swift; sourceTree = "<group>"; };
		46D65FBC219EB5E7009BE8B3 /* ModuleWebInterface.swift */ = {isa = PBXFileReference; fileEncoding = 4; lastKnownFileType = sourcecode.swift; path = ModuleWebInterface.swift; sourceTree = "<group>"; };
		46D65FBD219EB5E7009BE8B3 /* ModuleIAP.swift */ = {isa = PBXFileReference; fileEncoding = 4; lastKnownFileType = sourcecode.swift; path = ModuleIAP.swift; sourceTree = "<group>"; };
		46D65FBE219EB5E7009BE8B3 /* ModuleLocalize.swift */ = {isa = PBXFileReference; fileEncoding = 4; lastKnownFileType = sourcecode.swift; path = ModuleLocalize.swift; sourceTree = "<group>"; };
		46D65FBF219EB5E7009BE8B3 /* TheBaseViewController.swift */ = {isa = PBXFileReference; fileEncoding = 4; lastKnownFileType = sourcecode.swift; path = TheBaseViewController.swift; sourceTree = "<group>"; };
		46D65FC0219EB5E7009BE8B3 /* ModuleResource.swift */ = {isa = PBXFileReference; fileEncoding = 4; lastKnownFileType = sourcecode.swift; path = ModuleResource.swift; sourceTree = "<group>"; };
		46D65FC1219EB5E7009BE8B3 /* ModuleAnalyse.swift */ = {isa = PBXFileReference; fileEncoding = 4; lastKnownFileType = sourcecode.swift; path = ModuleAnalyse.swift; sourceTree = "<group>"; };
		46D65FC2219EB5E7009BE8B3 /* ModuleKeychain.swift */ = {isa = PBXFileReference; fileEncoding = 4; lastKnownFileType = sourcecode.swift; path = ModuleKeychain.swift; sourceTree = "<group>"; };
		46D65FC3219EB5E7009BE8B3 /* ModuleTime.swift */ = {isa = PBXFileReference; fileEncoding = 4; lastKnownFileType = sourcecode.swift; path = ModuleTime.swift; sourceTree = "<group>"; };
		46D65FC4219EB5E7009BE8B3 /* ModuleNetworking.swift */ = {isa = PBXFileReference; fileEncoding = 4; lastKnownFileType = sourcecode.swift; path = ModuleNetworking.swift; sourceTree = "<group>"; };
		46D65FC5219EB5E8009BE8B3 /* ModuleAlert.swift */ = {isa = PBXFileReference; fileEncoding = 4; lastKnownFileType = sourcecode.swift; path = ModuleAlert.swift; sourceTree = "<group>"; };
		46D65FC6219EB5E8009BE8B3 /* ModuleJson.swift */ = {isa = PBXFileReference; fileEncoding = 4; lastKnownFileType = sourcecode.swift; path = ModuleJson.swift; sourceTree = "<group>"; };
/* End PBXFileReference section */

/* Begin PBXFrameworksBuildPhase section */
		46D65F93219EB435009BE8B3 /* Frameworks */ = {
			isa = PBXFrameworksBuildPhase;
			buildActionMask = 2147483647;
			files = (
			);
			runOnlyForDeploymentPostprocessing = 0;
		};
/* End PBXFrameworksBuildPhase section */

/* Begin PBXGroup section */
		46D65F8D219EB435009BE8B3 = {
			isa = PBXGroup;
			children = (
				46D65F98219EB435009BE8B3 /* Swift-MJModule */,
				46D65F97219EB435009BE8B3 /* Products */,
			);
			sourceTree = "<group>";
		};
		46D65F97219EB435009BE8B3 /* Products */ = {
			isa = PBXGroup;
			children = (
				46D65F96219EB435009BE8B3 /* Swift-MJModule.app */,
			);
			name = Products;
			sourceTree = "<group>";
		};
		46D65F98219EB435009BE8B3 /* Swift-MJModule */ = {
			isa = PBXGroup;
			children = (
				46D65FB3219EB5E7009BE8B3 /* Classes */,
				46D65FAB219EB58F009BE8B3 /* Assets */,
				46D65F99219EB435009BE8B3 /* AppDelegate.swift */,
				46D65F9B219EB435009BE8B3 /* ViewController.swift */,
				46D65F9D219EB435009BE8B3 /* Main.storyboard */,
				46D65FA0219EB436009BE8B3 /* Assets.xcassets */,
				46D65FA2219EB436009BE8B3 /* LaunchScreen.storyboard */,
				46D65FA5219EB436009BE8B3 /* Info.plist */,
			);
			path = "Swift-MJModule";
			sourceTree = "<group>";
		};
		46D65FAB219EB58F009BE8B3 /* Assets */ = {
			isa = PBXGroup;
			children = (
			);
			path = Assets;
			sourceTree = SOURCE_ROOT;
		};
		46D65FB3219EB5E7009BE8B3 /* Classes */ = {
			isa = PBXGroup;
			children = (
				46D65FB5219EB5E7009BE8B3 /* Core */,
				46D65FBD219EB5E7009BE8B3 /* ModuleIAP.swift */,
				46D65FB4219EB5E7009BE8B3 /* ModulePath.swift */,
				46D65FBB219EB5E7009BE8B3 /* ModuleDevice.swift */,
				46D65FBC219EB5E7009BE8B3 /* ModuleWebInterface.swift */,
				46D65FBE219EB5E7009BE8B3 /* ModuleLocalize.swift */,
				46D65FBF219EB5E7009BE8B3 /* TheBaseViewController.swift */,
				46D65FC0219EB5E7009BE8B3 /* ModuleResource.swift */,
				46D65FC1219EB5E7009BE8B3 /* ModuleAnalyse.swift */,
				46D65FC2219EB5E7009BE8B3 /* ModuleKeychain.swift */,
				46D65FC3219EB5E7009BE8B3 /* ModuleTime.swift */,
				46D65FC4219EB5E7009BE8B3 /* ModuleNetworking.swift */,
				46D65FC5219EB5E8009BE8B3 /* ModuleAlert.swift */,
				46D65FC6219EB5E8009BE8B3 /* ModuleJson.swift */,
			);
			path = Classes;
			sourceTree = SOURCE_ROOT;
		};
		46D65FB5219EB5E7009BE8B3 /* Core */ = {
			isa = PBXGroup;
			children = (
				46D65FBA219EB5E7009BE8B3 /* Module.swift */,
				46D65FB6219EB5E7009BE8B3 /* DefaultConstant.swift */,
				46D65FB9219EB5E7009BE8B3 /* Config.swift */,
				46D65FB7219EB5E7009BE8B3 /* Logging.swift */,
				46D65FB8219EB5E7009BE8B3 /* TheBaseViewController.swift */,
			);
			path = Core;
			sourceTree = "<group>";
		};
/* End PBXGroup section */

/* Begin PBXNativeTarget section */
		46D65F95219EB435009BE8B3 /* Swift-MJModule */ = {
			isa = PBXNativeTarget;
			buildConfigurationList = 46D65FA8219EB436009BE8B3 /* Build configuration list for PBXNativeTarget "Swift-MJModule" */;
			buildPhases = (
				46D65F92219EB435009BE8B3 /* Sources */,
				46D65F93219EB435009BE8B3 /* Frameworks */,
				46D65F94219EB435009BE8B3 /* Resources */,
			);
			buildRules = (
			);
			dependencies = (
			);
			name = "Swift-MJModule";
			productName = "Swift-MJModule";
			productReference = 46D65F96219EB435009BE8B3 /* Swift-MJModule.app */;
			productType = "com.apple.product-type.application";
		};
/* End PBXNativeTarget section */

/* Begin PBXProject section */
		46D65F8E219EB435009BE8B3 /* Project object */ = {
			isa = PBXProject;
			attributes = {
				LastSwiftUpdateCheck = 1010;
				LastUpgradeCheck = 1010;
				ORGANIZATIONNAME = wuhan.musjoy;
				TargetAttributes = {
					46D65F95219EB435009BE8B3 = {
						CreatedOnToolsVersion = 10.1;
					};
				};
			};
			buildConfigurationList = 46D65F91219EB435009BE8B3 /* Build configuration list for PBXProject "Swift-MJModule" */;
			compatibilityVersion = "Xcode 9.3";
			developmentRegion = en;
			hasScannedForEncodings = 0;
			knownRegions = (
				en,
				Base,
			);
			mainGroup = 46D65F8D219EB435009BE8B3;
			productRefGroup = 46D65F97219EB435009BE8B3 /* Products */;
			projectDirPath = "";
			projectRoot = "";
			targets = (
				46D65F95219EB435009BE8B3 /* Swift-MJModule */,
			);
		};
/* End PBXProject section */

/* Begin PBXResourcesBuildPhase section */
		46D65F94219EB435009BE8B3 /* Resources */ = {
			isa = PBXResourcesBuildPhase;
			buildActionMask = 2147483647;
			files = (
				46D65FA4219EB436009BE8B3 /* LaunchScreen.storyboard in Resources */,
				46D65FA1219EB436009BE8B3 /* Assets.xcassets in Resources */,
				46D65F9F219EB435009BE8B3 /* Main.storyboard in Resources */,
			);
			runOnlyForDeploymentPostprocessing = 0;
		};
/* End PBXResourcesBuildPhase section */

/* Begin PBXSourcesBuildPhase section */
		46D65F92219EB435009BE8B3 /* Sources */ = {
			isa = PBXSourcesBuildPhase;
			buildActionMask = 2147483647;
			files = (
				46D65F9C219EB435009BE8B3 /* ViewController.swift in Sources */,
				46D65FD4219EB5E8009BE8B3 /* ModuleKeychain.swift in Sources */,
				46D65FCF219EB5E8009BE8B3 /* ModuleIAP.swift in Sources */,
				46D65FC9219EB5E8009BE8B3 /* Logging.swift in Sources */,
				46D65FD2219EB5E8009BE8B3 /* ModuleResource.swift in Sources */,
				46D65FD6219EB5E8009BE8B3 /* ModuleNetworking.swift in Sources */,
				46D65FD1219EB5E8009BE8B3 /* TheBaseViewController.swift in Sources */,
				46D65FD8219EB5E8009BE8B3 /* ModuleJson.swift in Sources */,
				46D65FC7219EB5E8009BE8B3 /* ModulePath.swift in Sources */,
				46D65FD0219EB5E8009BE8B3 /* ModuleLocalize.swift in Sources */,
				46D65FCB219EB5E8009BE8B3 /* Config.swift in Sources */,
				46D65FCE219EB5E8009BE8B3 /* ModuleWebInterface.swift in Sources */,
				46D65FD3219EB5E8009BE8B3 /* ModuleAnalyse.swift in Sources */,
				46D65FCD219EB5E8009BE8B3 /* ModuleDevice.swift in Sources */,
				46D65F9A219EB435009BE8B3 /* AppDelegate.swift in Sources */,
				46D65FCC219EB5E8009BE8B3 /* Module.swift in Sources */,
				46D65FD5219EB5E8009BE8B3 /* ModuleTime.swift in Sources */,
				46D65FC8219EB5E8009BE8B3 /* DefaultConstant.swift in Sources */,
				46D65FD7219EB5E8009BE8B3 /* ModuleAlert.swift in Sources */,
				46D65FCA219EB5E8009BE8B3 /* TheBaseViewController.swift in Sources */,
			);
			runOnlyForDeploymentPostprocessing = 0;
		};
/* End PBXSourcesBuildPhase section */

/* Begin PBXVariantGroup section */
		46D65F9D219EB435009BE8B3 /* Main.storyboard */ = {
			isa = PBXVariantGroup;
			children = (
				46D65F9E219EB435009BE8B3 /* Base */,
			);
			name = Main.storyboard;
			sourceTree = "<group>";
		};
		46D65FA2219EB436009BE8B3 /* LaunchScreen.storyboard */ = {
			isa = PBXVariantGroup;
			children = (
				46D65FA3219EB436009BE8B3 /* Base */,
			);
			name = LaunchScreen.storyboard;
			sourceTree = "<group>";
		};
/* End PBXVariantGroup section */

/* Begin XCBuildConfiguration section */
		46D65FA6219EB436009BE8B3 /* Debug */ = {
			isa = XCBuildConfiguration;
			buildSettings = {
				ALWAYS_SEARCH_USER_PATHS = NO;
				CLANG_ANALYZER_NONNULL = YES;
				CLANG_ANALYZER_NUMBER_OBJECT_CONVERSION = YES_AGGRESSIVE;
				CLANG_CXX_LANGUAGE_STANDARD = "gnu++14";
				CLANG_CXX_LIBRARY = "libc++";
				CLANG_ENABLE_MODULES = YES;
				CLANG_ENABLE_OBJC_ARC = YES;
				CLANG_ENABLE_OBJC_WEAK = YES;
				CLANG_WARN_BLOCK_CAPTURE_AUTORELEASING = YES;
				CLANG_WARN_BOOL_CONVERSION = YES;
				CLANG_WARN_COMMA = YES;
				CLANG_WARN_CONSTANT_CONVERSION = YES;
				CLANG_WARN_DEPRECATED_OBJC_IMPLEMENTATIONS = YES;
				CLANG_WARN_DIRECT_OBJC_ISA_USAGE = YES_ERROR;
				CLANG_WARN_DOCUMENTATION_COMMENTS = YES;
				CLANG_WARN_EMPTY_BODY = YES;
				CLANG_WARN_ENUM_CONVERSION = YES;
				CLANG_WARN_INFINITE_RECURSION = YES;
				CLANG_WARN_INT_CONVERSION = YES;
				CLANG_WARN_NON_LITERAL_NULL_CONVERSION = YES;
				CLANG_WARN_OBJC_IMPLICIT_RETAIN_SELF = YES;
				CLANG_WARN_OBJC_LITERAL_CONVERSION = YES;
				CLANG_WARN_OBJC_ROOT_CLASS = YES_ERROR;
				CLANG_WARN_RANGE_LOOP_ANALYSIS = YES;
				CLANG_WARN_STRICT_PROTOTYPES = YES;
				CLANG_WARN_SUSPICIOUS_MOVE = YES;
				CLANG_WARN_UNGUARDED_AVAILABILITY = YES_AGGRESSIVE;
				CLANG_WARN_UNREACHABLE_CODE = YES;
				CLANG_WARN__DUPLICATE_METHOD_MATCH = YES;
				CODE_SIGN_IDENTITY = "iPhone Developer";
				COPY_PHASE_STRIP = NO;
				DEBUG_INFORMATION_FORMAT = dwarf;
				ENABLE_STRICT_OBJC_MSGSEND = YES;
				ENABLE_TESTABILITY = YES;
				GCC_C_LANGUAGE_STANDARD = gnu11;
				GCC_DYNAMIC_NO_PIC = NO;
				GCC_NO_COMMON_BLOCKS = YES;
				GCC_OPTIMIZATION_LEVEL = 0;
				GCC_PREPROCESSOR_DEFINITIONS = (
					"DEBUG=1",
					"$(inherited)",
				);
				GCC_WARN_64_TO_32_BIT_CONVERSION = YES;
				GCC_WARN_ABOUT_RETURN_TYPE = YES_ERROR;
				GCC_WARN_UNDECLARED_SELECTOR = YES;
				GCC_WARN_UNINITIALIZED_AUTOS = YES_AGGRESSIVE;
				GCC_WARN_UNUSED_FUNCTION = YES;
				GCC_WARN_UNUSED_VARIABLE = YES;
				IPHONEOS_DEPLOYMENT_TARGET = 12.1;
				MTL_ENABLE_DEBUG_INFO = INCLUDE_SOURCE;
				MTL_FAST_MATH = YES;
				ONLY_ACTIVE_ARCH = YES;
				SDKROOT = iphoneos;
				SWIFT_ACTIVE_COMPILATION_CONDITIONS = DEBUG;
				SWIFT_OPTIMIZATION_LEVEL = "-Onone";
			};
			name = Debug;
		};
		46D65FA7219EB436009BE8B3 /* Release */ = {
			isa = XCBuildConfiguration;
			buildSettings = {
				ALWAYS_SEARCH_USER_PATHS = NO;
				CLANG_ANALYZER_NONNULL = YES;
				CLANG_ANALYZER_NUMBER_OBJECT_CONVERSION = YES_AGGRESSIVE;
				CLANG_CXX_LANGUAGE_STANDARD = "gnu++14";
				CLANG_CXX_LIBRARY = "libc++";
				CLANG_ENABLE_MODULES = YES;
				CLANG_ENABLE_OBJC_ARC = YES;
				CLANG_ENABLE_OBJC_WEAK = YES;
				CLANG_WARN_BLOCK_CAPTURE_AUTORELEASING = YES;
				CLANG_WARN_BOOL_CONVERSION = YES;
				CLANG_WARN_COMMA = YES;
				CLANG_WARN_CONSTANT_CONVERSION = YES;
				CLANG_WARN_DEPRECATED_OBJC_IMPLEMENTATIONS = YES;
				CLANG_WARN_DIRECT_OBJC_ISA_USAGE = YES_ERROR;
				CLANG_WARN_DOCUMENTATION_COMMENTS = YES;
				CLANG_WARN_EMPTY_BODY = YES;
				CLANG_WARN_ENUM_CONVERSION = YES;
				CLANG_WARN_INFINITE_RECURSION = YES;
				CLANG_WARN_INT_CONVERSION = YES;
				CLANG_WARN_NON_LITERAL_NULL_CONVERSION = YES;
				CLANG_WARN_OBJC_IMPLICIT_RETAIN_SELF = YES;
				CLANG_WARN_OBJC_LITERAL_CONVERSION = YES;
				CLANG_WARN_OBJC_ROOT_CLASS = YES_ERROR;
				CLANG_WARN_RANGE_LOOP_ANALYSIS = YES;
				CLANG_WARN_STRICT_PROTOTYPES = YES;
				CLANG_WARN_SUSPICIOUS_MOVE = YES;
				CLANG_WARN_UNGUARDED_AVAILABILITY = YES_AGGRESSIVE;
				CLANG_WARN_UNREACHABLE_CODE = YES;
				CLANG_WARN__DUPLICATE_METHOD_MATCH = YES;
				CODE_SIGN_IDENTITY = "iPhone Developer";
				COPY_PHASE_STRIP = NO;
				DEBUG_INFORMATION_FORMAT = "dwarf-with-dsym";
				ENABLE_NS_ASSERTIONS = NO;
				ENABLE_STRICT_OBJC_MSGSEND = YES;
				GCC_C_LANGUAGE_STANDARD = gnu11;
				GCC_NO_COMMON_BLOCKS = YES;
				GCC_WARN_64_TO_32_BIT_CONVERSION = YES;
				GCC_WARN_ABOUT_RETURN_TYPE = YES_ERROR;
				GCC_WARN_UNDECLARED_SELECTOR = YES;
				GCC_WARN_UNINITIALIZED_AUTOS = YES_AGGRESSIVE;
				GCC_WARN_UNUSED_FUNCTION = YES;
				GCC_WARN_UNUSED_VARIABLE = YES;
				IPHONEOS_DEPLOYMENT_TARGET = 12.1;
				MTL_ENABLE_DEBUG_INFO = NO;
				MTL_FAST_MATH = YES;
				SDKROOT = iphoneos;
				SWIFT_COMPILATION_MODE = wholemodule;
				SWIFT_OPTIMIZATION_LEVEL = "-O";
				VALIDATE_PRODUCT = YES;
			};
			name = Release;
		};
		46D65FA9219EB436009BE8B3 /* Debug */ = {
			isa = XCBuildConfiguration;
			buildSettings = {
				ASSETCATALOG_COMPILER_APPICON_NAME = AppIcon;
				CODE_SIGN_STYLE = Automatic;
				DEVELOPMENT_TEAM = 76MM79XMJ9;
				INFOPLIST_FILE = "Swift-MJModule/Info.plist";
				LD_RUNPATH_SEARCH_PATHS = (
					"$(inherited)",
					"@executable_path/Frameworks",
				);
				PRODUCT_BUNDLE_IDENTIFIER = "com.wuhan.musjoy.Swift-MJModule";
				PRODUCT_NAME = "$(TARGET_NAME)";
				SWIFT_VERSION = 4.2;
				TARGETED_DEVICE_FAMILY = "1,2";
			};
			name = Debug;
		};
		46D65FAA219EB436009BE8B3 /* Release */ = {
			isa = XCBuildConfiguration;
			buildSettings = {
				ASSETCATALOG_COMPILER_APPICON_NAME = AppIcon;
				CODE_SIGN_STYLE = Automatic;
				DEVELOPMENT_TEAM = 76MM79XMJ9;
				INFOPLIST_FILE = "Swift-MJModule/Info.plist";
				LD_RUNPATH_SEARCH_PATHS = (
					"$(inherited)",
					"@executable_path/Frameworks",
				);
				PRODUCT_BUNDLE_IDENTIFIER = "com.wuhan.musjoy.Swift-MJModule";
				PRODUCT_NAME = "$(TARGET_NAME)";
				SWIFT_VERSION = 4.2;
				TARGETED_DEVICE_FAMILY = "1,2";
			};
			name = Release;
		};
/* End XCBuildConfiguration section */

/* Begin XCConfigurationList section */
		46D65F91219EB435009BE8B3 /* Build configuration list for PBXProject "Swift-MJModule" */ = {
			isa = XCConfigurationList;
			buildConfigurations = (
				46D65FA6219EB436009BE8B3 /* Debug */,
				46D65FA7219EB436009BE8B3 /* Release */,
			);
			defaultConfigurationIsVisible = 0;
			defaultConfigurationName = Release;
		};
		46D65FA8219EB436009BE8B3 /* Build configuration list for PBXNativeTarget "Swift-MJModule" */ = {
			isa = XCConfigurationList;
			buildConfigurations = (
				46D65FA9219EB436009BE8B3 /* Debug */,
				46D65FAA219EB436009BE8B3 /* Release */,
			);
			defaultConfigurationIsVisible = 0;
			defaultConfigurationName = Release;
		};
/* End XCConfigurationList section */
	};
	rootObject = 46D65F8E219EB435009BE8B3 /* Project object */;
}
